github.com/GRbit/go-pcre v1.0.1 h1:8F7Wj1rxIq8ejKSXVVW2wE+4I4VnZbuOemrMk8kn3hc=
github.com/GRbit/go-pcre v1.0.1/go.mod h1:0g7qVGbMpd2Odevd92x1RpaLpR3c3F/Gv2HEnI7CwEA=
github.com/artarts36/singlecli v0.0.0-20240222180445-f49374c89854 h1:9SQsBpAHzMKo3wJsYI28lAsKVg3m23+bTXK+aI4mr58=
github.com/artarts36/singlecli v0.0.0-20240222180445-f49374c89854/go.mod h1:2m+Tn4LFzrg1qbrFaaxjLjJplN3VOKnPHyWRPYUaNqc=
github.com/artarts36/singlecli v0.0.0-20240222184425-520847011342 h1:nezFCN4E++viO6sRbowhds9WNhD/H49av5n+WkvSa/o=
github.com/artarts36/singlecli v0.0.0-20240222184425-520847011342/go.mod h1:2m+Tn4LFzrg1qbrFaaxjLjJplN3VOKnPHyWRPYUaNqc=
github.com/artarts36/singlecli v0.0.0-20240222192955-6646816857cd h1:Ri2fWG0dsgNl2fr/sb7qLuluPXahcNVz30uZ+9LbABU=
github.com/artarts36/singlecli v0.0.0-20240222192955-6646816857cd/go.mod h1:2m+Tn4LFzrg1qbrFaaxjLjJplN3VOKnPHyWRPYUaNqc=
github.com/davecgh/go-spew v1.1.1 h1:vj9j/u1bqnvCEfJOwUhtlOARqs3+rkHYY13jYWTU97c=
github.com/davecgh/go-spew v1.1.1/go.mod h1:J7Y8YcW2NihsgmVo/mv3lAwl/skON4iLHjSsI+c5H38=
github.com/pmezard/go-difflib v1.0.0 h1:4DBwDE0NGyQoBHbLQYPwSUPoCMWR5BEzIk/f1lZbAQM=
github.com/pmezard/go-difflib v1.0.0/go.mod h1:iKH77koFhYxTK1pcRnkKkqfTogsbg7gZNVY4sRDYZ/4=
github.com/stretchr/testify v1.8.4 h1:CcVxjf3Q8PM0mHUKJCdn+eZZtm5yQwehR5yeSVQQcUk=
github.com/stretchr/testify v1.8.4/go.mod h1:sz/lmYIOXD/1dqDmKjjqLyZ2RngseejIcXlSw2iwfAo=
gopkg.in/check.v1 v0.0.0-20161208181325-20d25e280405 h1:yhCVgyC4o1eVCa2tZl7eS0r+SDo693bJlVdllGtEeKM=
gopkg.in/check.v1 v0.0.0-20161208181325-20d25e280405/go.mod h1:Co6ibVJAznAaIkqp8huTwlJQCZ016jof/cbN4VW5Yz0=
gopkg.in/yaml.v3 v3.0.1 h1:fxVm/GzAzEWqLHuvctI91KS9hhNmmWOoWu0XTYJS7CA=
gopkg.in/yaml.v3 v3.0.1/go.mod h1:K4uyk7z7BCEPqu6E+C64Yfv1cQ7kz7rIZviUmN+EgEM=
